<?xml version="1.0" encoding="utf-8"?>
<Project ToolsVersion="4.0" xmlns="http://schemas.microsoft.com/developer/msbuild/2003">
  <ItemGroup>
    <Filter Include="Source Files">
      <UniqueIdentifier>{4FC737F1-C7A5-4376-A066-2A32D752A2FF}</UniqueIdentifier>
      <Extensions>cpp;c;cc;cxx;def;odl;idl;hpj;bat;asm;asmx</Extensions>
    </Filter>
    <Filter Include="Source Files\Required">
      <UniqueIdentifier>{e005934b-4587-4aac-9bd0-bcd894b45983}</UniqueIdentifier>
    </Filter>
    <Filter Include="Source Files\ControllerTest">
      <UniqueIdentifier>{92ba2412-677c-4a68-859d-9c9ac8cf1b3d}</UniqueIdentifier>
    </Filter>
    <Filter Include="Source Files\SensorTest">
      <UniqueIdentifier>{cb1e8921-fd94-4d78-9c3a-71555f832d6d}</UniqueIdentifier>
    </Filter>
    <Filter Include="Source Files\Obb">
      <UniqueIdentifier>{eb4ed247-13e1-406d-8bc6-9d748debe60f}</UniqueIdentifier>
    </Filter>
    <Filter Include="Source Files\ConvexHull">
      <UniqueIdentifier>{e08dbc5d-b4fd-4deb-9818-1074ec347902}</UniqueIdentifier>
    </Filter>
    <Filter Include="Source Files\Trajectory">
      <UniqueIdentifier>{e8f6ccc9-8380-4dea-9bb1-38e357d33143}</UniqueIdentifier>
    </Filter>
    <Filter Include="Header Files">
      <UniqueIdentifier>{93995380-89BD-4b04-88EB-625FBE52EBFB}</UniqueIdentifier>
      <Extensions>h;hpp;hxx;hm;inl;inc;xsd</Extensions>
    </Filter>
    <Filter Include="Resource Files">
      <UniqueIdentifier>{67DA6AB6-F800-4c08-8B7A-83BB121AAD01}</UniqueIdentifier>
      <Extensions>rc;ico;cur;bmp;dlg;rc2;rct;bin;rgs;gif;jpg;jpeg;jpe;resx;tiff;tif;png;wav</Extensions>
    </Filter>
  </ItemGroup>
  <ItemGroup>
    <ClCompile Include="dllmain.cpp">
      <Filter>Source Files\Required</Filter>
    </ClCompile>
    <ClCompile Include="stdafx.cpp">
      <Filter>Source Files\Required</Filter>
    </ClCompile>
    <ClCompile Include="unitTests.cpp">
      <Filter>Source Files\Required</Filter>
    </ClCompile>
    <ClCompile Include="..\..\src\controllerPID.cpp">
      <Filter>Source Files\ControllerTest</Filter>
    </ClCompile>
    <ClCompile Include="ControllerTest.cpp">
      <Filter>Source Files\ControllerTest</Filter>
    </ClCompile>
    <ClCompile Include="ControllerTestPID.cpp">
      <Filter>Source Files\ControllerTest</Filter>
    </ClCompile>
    <ClCompile Include="SensorTest.cpp">
      <Filter>Source Files\SensorTest</Filter>
    </ClCompile>
    <ClCompile Include="FloatMath.cpp">
      <Filter>Source Files\Obb</Filter>
    </ClCompile>
    <ClCompile Include="ObbFix.cpp">
      <Filter>Source Files\Obb</Filter>
    </ClCompile>
    <ClCompile Include="..\..\src\math\ConvexHullGraham.cpp">
      <Filter>Source Files\ConvexHull</Filter>
    </ClCompile>
    <ClCompile Include="ConvexHullTest.cpp">
      <Filter>Source Files\ConvexHull</Filter>
    </ClCompile>
    <ClCompile Include="TrajectoryTest.cpp">
      <Filter>Source Files\Trajectory</Filter>
    </ClCompile>
  </ItemGroup>
  <ItemGroup>
    <ClInclude Include="FloatMath.h">
      <Filter>Source Files\Obb</Filter>
    </ClInclude>
    <ClInclude Include="stdafx.h">
      <Filter>Header Files</Filter>
    </ClInclude>
    <ClInclude Include="targetver.h">
      <Filter>Header Files</Filter>
    </ClInclude>
  </ItemGroup>
  <ItemGroup>
    <None Include="FloatMath.inl">
      <Filter>Source Files\Obb</Filter>
    </None>
  </ItemGroup>
</Project>