<?xml version="1.0" encoding="utf-8"?>
<Project ToolsVersion="4.0" xmlns="http://schemas.microsoft.com/developer/msbuild/2003">
  <ItemGroup>
    <Filter Include="Source Files">
      <UniqueIdentifier>{4FC737F1-C7A5-4376-A066-2A32D752A2FF}</UniqueIdentifier>
      <Extensions>cpp;c;cc;cxx;def;odl;idl;hpj;bat;asm;asmx</Extensions>
    </Filter>
    <Filter Include="Header Files">
      <UniqueIdentifier>{93995380-89BD-4b04-88EB-625FBE52EBFB}</UniqueIdentifier>
      <Extensions>h;hpp;hxx;hm;inl;inc;xsd</Extensions>
    </Filter>
    <Filter Include="Resource Files">
      <UniqueIdentifier>{67DA6AB6-F800-4c08-8B7A-83BB121AAD01}</UniqueIdentifier>
      <Extensions>rc;ico;cur;bmp;dlg;rc2;rct;bin;rgs;gif;jpg;jpeg;jpe;resx;tiff;tif;png;wav;mfcribbon-ms</Extensions>
    </Filter>
  </ItemGroup>
  <ItemGroup>
    <ClInclude Include="..\..\dependencies-include\nxogre\include\BetajaenCC.h">
      <Filter>Header Files</Filter>
    </ClInclude>
    <ClInclude Include="..\..\dependencies-include\nxogre\include\FireState.h">
      <Filter>Header Files</Filter>
    </ClInclude>
    <ClInclude Include="..\..\dependencies-include\nxogre\include\NxOgre.h">
      <Filter>Header Files</Filter>
    </ClInclude>
    <ClInclude Include="..\..\dependencies-include\nxogre\include\NxOgreActor.h">
      <Filter>Header Files</Filter>
    </ClInclude>
    <ClInclude Include="..\..\dependencies-include\nxogre\include\NxOgreActors.h">
      <Filter>Header Files</Filter>
    </ClInclude>
    <ClInclude Include="..\..\dependencies-include\nxogre\include\NxOgreAllocator.h">
      <Filter>Header Files</Filter>
    </ClInclude>
    <ClInclude Include="..\..\dependencies-include\nxogre\include\NxOgreAnimatedRenderable.h">
      <Filter>Header Files</Filter>
    </ClInclude>
    <ClInclude Include="..\..\dependencies-include\nxogre\include\NxOgreBody.h">
      <Filter>Header Files</Filter>
    </ClInclude>
    <ClInclude Include="..\..\dependencies-include\nxogre\include\NxOgreCharacter.h">
      <Filter>Header Files</Filter>
    </ClInclude>
    <ClInclude Include="..\..\dependencies-include\nxogre\include\NxOgreCharacterController.h">
      <Filter>Header Files</Filter>
    </ClInclude>
    <ClInclude Include="..\..\dependencies-include\nxogre\include\NxOgreCharacterModel.h">
      <Filter>Header Files</Filter>
    </ClInclude>
    <ClInclude Include="..\..\dependencies-include\nxogre\include\NxOgreCharacterMovementModel.h">
      <Filter>Header Files</Filter>
    </ClInclude>
    <ClInclude Include="..\..\dependencies-include\nxogre\include\NxOgreCloth.h">
      <Filter>Header Files</Filter>
    </ClInclude>
    <ClInclude Include="..\..\dependencies-include\nxogre\include\NxOgreClothRaycaster.h">
      <Filter>Header Files</Filter>
    </ClInclude>
    <ClInclude Include="..\..\dependencies-include\nxogre\include\NxOgreCompoundActor.h">
      <Filter>Header Files</Filter>
    </ClInclude>
    <ClInclude Include="..\..\dependencies-include\nxogre\include\NxOgreConfig.h">
      <Filter>Header Files</Filter>
    </ClInclude>
    <ClInclude Include="..\..\dependencies-include\nxogre\include\NxOgreContactCallback.h">
      <Filter>Header Files</Filter>
    </ClInclude>
    <ClInclude Include="..\..\dependencies-include\nxogre\include\NxOgreContactCallbackController.h">
      <Filter>Header Files</Filter>
    </ClInclude>
    <ClInclude Include="..\..\dependencies-include\nxogre\include\NxOgreContactStream.h">
      <Filter>Header Files</Filter>
    </ClInclude>
    <ClInclude Include="..\..\dependencies-include\nxogre\include\NxOgreContainer.h">
      <Filter>Header Files</Filter>
    </ClInclude>
    <ClInclude Include="..\..\dependencies-include\nxogre\include\NxOgreDebugRenderer.h">
      <Filter>Header Files</Filter>
    </ClInclude>
    <ClInclude Include="..\..\dependencies-include\nxogre\include\NxOgreDeletionCallback.h">
      <Filter>Header Files</Filter>
    </ClInclude>
    <ClInclude Include="..\..\dependencies-include\nxogre\include\NxOgreDominanceGroup.h">
      <Filter>Header Files</Filter>
    </ClInclude>
    <ClInclude Include="..\..\dependencies-include\nxogre\include\NxOgreDualIdentifier.h">
      <Filter>Header Files</Filter>
    </ClInclude>
    <ClInclude Include="..\..\dependencies-include\nxogre\include\NxOgreEffectsSystem.h">
      <Filter>Header Files</Filter>
    </ClInclude>
    <ClInclude Include="..\..\dependencies-include\nxogre\include\NxOgreEngine.h">
      <Filter>Header Files</Filter>
    </ClInclude>
    <ClInclude Include="..\..\dependencies-include\nxogre\include\NxOgreError.h">
      <Filter>Header Files</Filter>
    </ClInclude>
    <ClInclude Include="..\..\dependencies-include\nxogre\include\NxOgreExtendedTypes.h">
      <Filter>Header Files</Filter>
    </ClInclude>
    <ClInclude Include="..\..\dependencies-include\nxogre\include\NxOgreFileResource.h">
      <Filter>Header Files</Filter>
    </ClInclude>
    <ClInclude Include="..\..\dependencies-include\nxogre\include\NxOgreFileResourceManager.h">
      <Filter>Header Files</Filter>
    </ClInclude>
    <ClInclude Include="..\..\dependencies-include\nxogre\include\NxOgreFluid.h">
      <Filter>Header Files</Filter>
    </ClInclude>
    <ClInclude Include="..\..\dependencies-include\nxogre\include\NxOgreForceField.h">
      <Filter>Header Files</Filter>
    </ClInclude>
    <ClInclude Include="..\..\dependencies-include\nxogre\include\NxOgreGroup.h">
      <Filter>Header Files</Filter>
    </ClInclude>
    <ClInclude Include="..\..\dependencies-include\nxogre\include\NxOgreHash.h">
      <Filter>Header Files</Filter>
    </ClInclude>
    <ClInclude Include="..\..\dependencies-include\nxogre\include\NxOgreHeightfield.h">
      <Filter>Header Files</Filter>
    </ClInclude>
    <ClInclude Include="..\..\dependencies-include\nxogre\include\NxOgreHelpers.h">
      <Filter>Header Files</Filter>
    </ClInclude>
    <ClInclude Include="..\..\dependencies-include\nxogre\include\NxOgreIntersection.h">
      <Filter>Header Files</Filter>
    </ClInclude>
    <ClInclude Include="..\..\dependencies-include\nxogre\include\NxOgreJoint.h">
      <Filter>Header Files</Filter>
    </ClInclude>
    <ClInclude Include="..\..\dependencies-include\nxogre\include\NxOgreJointCallback.h">
      <Filter>Header Files</Filter>
    </ClInclude>
    <ClInclude Include="..\..\dependencies-include\nxogre\include\NxOgreJointSet1.h">
      <Filter>Header Files</Filter>
    </ClInclude>
    <ClInclude Include="..\..\dependencies-include\nxogre\include\NxOgreJointSet2.h">
      <Filter>Header Files</Filter>
    </ClInclude>
    <ClInclude Include="..\..\dependencies-include\nxogre\include\NxOgreKinematicCharacter.h">
      <Filter>Header Files</Filter>
    </ClInclude>
    <ClInclude Include="..\..\dependencies-include\nxogre\include\NxOgreKinematicCharacterSweep.h">
      <Filter>Header Files</Filter>
    </ClInclude>
    <ClInclude Include="..\..\dependencies-include\nxogre\include\NxOgreLog.h">
      <Filter>Header Files</Filter>
    </ClInclude>
    <ClInclude Include="..\..\dependencies-include\nxogre\include\NxOgreMachine.h">
      <Filter>Header Files</Filter>
    </ClInclude>
    <ClInclude Include="..\..\dependencies-include\nxogre\include\NxOgreManualHeightfield.h">
      <Filter>Header Files</Filter>
    </ClInclude>
    <ClInclude Include="..\..\dependencies-include\nxogre\include\NxOgreManualMesh.h">
      <Filter>Header Files</Filter>
    </ClInclude>
    <ClInclude Include="..\..\dependencies-include\nxogre\include\NxOgreManualMeshUtil.h">
      <Filter>Header Files</Filter>
    </ClInclude>
    <ClInclude Include="..\..\dependencies-include\nxogre\include\NxOgreMaterial.h">
      <Filter>Header Files</Filter>
    </ClInclude>
    <ClInclude Include="..\..\dependencies-include\nxogre\include\NxOgreMaterialAlias.h">
      <Filter>Header Files</Filter>
    </ClInclude>
    <ClInclude Include="..\..\dependencies-include\nxogre\include\NxOgreMemoryResource.h">
      <Filter>Header Files</Filter>
    </ClInclude>
    <ClInclude Include="..\..\dependencies-include\nxogre\include\NxOgreMemoryResourceManager.h">
      <Filter>Header Files</Filter>
    </ClInclude>
    <ClInclude Include="..\..\dependencies-include\nxogre\include\NxOgreMesh.h">
      <Filter>Header Files</Filter>
    </ClInclude>
    <ClInclude Include="..\..\dependencies-include\nxogre\include\NxOgreMeshParams.h">
      <Filter>Header Files</Filter>
    </ClInclude>
    <ClInclude Include="..\..\dependencies-include\nxogre\include\NxOgreMeshRenderable.h">
      <Filter>Header Files</Filter>
    </ClInclude>
    <ClInclude Include="..\..\dependencies-include\nxogre\include\NxOgreNodeRenderable.h">
      <Filter>Header Files</Filter>
    </ClInclude>
    <ClInclude Include="..\..\dependencies-include\nxogre\include\NxOgreNxActorController.h">
      <Filter>Header Files</Filter>
    </ClInclude>
    <ClInclude Include="..\..\dependencies-include\nxogre\include\NxOgreOgreMeshRenderable.h">
      <Filter>Header Files</Filter>
    </ClInclude>
    <ClInclude Include="..\..\dependencies-include\nxogre\include\NxOgreOgreNodeRenderable.h">
      <Filter>Header Files</Filter>
    </ClInclude>
    <ClInclude Include="..\..\dependencies-include\nxogre\include\NxOgreOgreSceneRenderer.h">
      <Filter>Header Files</Filter>
    </ClInclude>
    <ClInclude Include="..\..\dependencies-include\nxogre\include\NxOgreOgreTimeController.h">
      <Filter>Header Files</Filter>
    </ClInclude>
    <ClInclude Include="..\..\dependencies-include\nxogre\include\NxOgreParams.h">
      <Filter>Header Files</Filter>
    </ClInclude>
    <ClInclude Include="..\..\dependencies-include\nxogre\include\NxOgreParticleSystem.h">
      <Filter>Header Files</Filter>
    </ClInclude>
    <ClInclude Include="..\..\dependencies-include\nxogre\include\NxOgrePerformer.h">
      <Filter>Header Files</Filter>
    </ClInclude>
    <ClInclude Include="..\..\dependencies-include\nxogre\include\NxOgrePhysXDriver.h">
      <Filter>Header Files</Filter>
    </ClInclude>
    <ClInclude Include="..\..\dependencies-include\nxogre\include\NxOgrePlatform.h">
      <Filter>Header Files</Filter>
    </ClInclude>
    <ClInclude Include="..\..\dependencies-include\nxogre\include\NxOgrePose.h">
      <Filter>Header Files</Filter>
    </ClInclude>
    <ClInclude Include="..\..\dependencies-include\nxogre\include\NxOgrePrerequisites.h">
      <Filter>Header Files</Filter>
    </ClInclude>
    <ClInclude Include="..\..\dependencies-include\nxogre\include\NxOgrePrerequisitesOgre.h">
      <Filter>Header Files</Filter>
    </ClInclude>
    <ClInclude Include="..\..\dependencies-include\nxogre\include\NxOgreRaycaster.h">
      <Filter>Header Files</Filter>
    </ClInclude>
    <ClInclude Include="..\..\dependencies-include\nxogre\include\NxOgreRemoteDebuggerConnection.h">
      <Filter>Header Files</Filter>
    </ClInclude>
    <ClInclude Include="..\..\dependencies-include\nxogre\include\NxOgreRenderable.h">
      <Filter>Header Files</Filter>
    </ClInclude>
    <ClInclude Include="..\..\dependencies-include\nxogre\include\NxOgreRenderableSource.h">
      <Filter>Header Files</Filter>
    </ClInclude>
    <ClInclude Include="..\..\dependencies-include\nxogre\include\NxOgreResource.h">
      <Filter>Header Files</Filter>
    </ClInclude>
    <ClInclude Include="..\..\dependencies-include\nxogre\include\NxOgreResourceCallback.h">
      <Filter>Header Files</Filter>
    </ClInclude>
    <ClInclude Include="..\..\dependencies-include\nxogre\include\NxOgreResourceManager.h">
      <Filter>Header Files</Filter>
    </ClInclude>
    <ClInclude Include="..\..\dependencies-include\nxogre\include\NxOgreResourceSystem.h">
      <Filter>Header Files</Filter>
    </ClInclude>
    <ClInclude Include="..\..\dependencies-include\nxogre\include\NxOgreScene.h">
      <Filter>Header Files</Filter>
    </ClInclude>
    <ClInclude Include="..\..\dependencies-include\nxogre\include\NxOgreSceneContactController.h">
      <Filter>Header Files</Filter>
    </ClInclude>
    <ClInclude Include="..\..\dependencies-include\nxogre\include\NxOgreSceneController.h">
      <Filter>Header Files</Filter>
    </ClInclude>
    <ClInclude Include="..\..\dependencies-include\nxogre\include\NxOgreSceneRenderer.h">
      <Filter>Header Files</Filter>
    </ClInclude>
    <ClInclude Include="..\..\dependencies-include\nxogre\include\NxOgreSceneSource.h">
      <Filter>Header Files</Filter>
    </ClInclude>
    <ClInclude Include="..\..\dependencies-include\nxogre\include\NxOgreSceneTriggerController.h">
      <Filter>Header Files</Filter>
    </ClInclude>
    <ClInclude Include="..\..\dependencies-include\nxogre\include\NxOgreShape.h">
      <Filter>Header Files</Filter>
    </ClInclude>
    <ClInclude Include="..\..\dependencies-include\nxogre\include\NxOgreShapeMeshes.h">
      <Filter>Header Files</Filter>
    </ClInclude>
    <ClInclude Include="..\..\dependencies-include\nxogre\include\NxOgreShapePrimitives.h">
      <Filter>Header Files</Filter>
    </ClInclude>
    <ClInclude Include="..\..\dependencies-include\nxogre\include\NxOgreShapeTerrain.h">
      <Filter>Header Files</Filter>
    </ClInclude>
    <ClInclude Include="..\..\dependencies-include\nxogre\include\NxOgreShapeWheel.h">
      <Filter>Header Files</Filter>
    </ClInclude>
    <ClInclude Include="..\..\dependencies-include\nxogre\include\NxOgreSheet.h">
      <Filter>Header Files</Filter>
    </ClInclude>
    <ClInclude Include="..\..\dependencies-include\nxogre\include\NxOgreSimpleActor.h">
      <Filter>Header Files</Filter>
    </ClInclude>
    <ClInclude Include="..\..\dependencies-include\nxogre\include\NxOgreSimpleShape.h">
      <Filter>Header Files</Filter>
    </ClInclude>
    <ClInclude Include="..\..\dependencies-include\nxogre\include\NxOgreSkeletalRenderable.h">
      <Filter>Header Files</Filter>
    </ClInclude>
    <ClInclude Include="..\..\dependencies-include\nxogre\include\NxOgreSkeleton.h">
      <Filter>Header Files</Filter>
    </ClInclude>
    <ClInclude Include="..\..\dependencies-include\nxogre\include\NxOgreSleepCallback.h">
      <Filter>Header Files</Filter>
    </ClInclude>
    <ClInclude Include="..\..\dependencies-include\nxogre\include\NxOgreSoftBody.h">
      <Filter>Header Files</Filter>
    </ClInclude>
    <ClInclude Include="..\..\dependencies-include\nxogre\include\NxOgreSpriteRenderable.h">
      <Filter>Header Files</Filter>
    </ClInclude>
    <ClInclude Include="..\..\dependencies-include\nxogre\include\NxOgreStable.h">
      <Filter>Header Files</Filter>
    </ClInclude>
    <ClInclude Include="..\..\dependencies-include\nxogre\include\NxOgreTesting.h">
      <Filter>Header Files</Filter>
    </ClInclude>
    <ClInclude Include="..\..\dependencies-include\nxogre\include\NxOgreTimeController.h">
      <Filter>Header Files</Filter>
    </ClInclude>
    <ClInclude Include="..\..\dependencies-include\nxogre\include\NxOgreTimer.h">
      <Filter>Header Files</Filter>
    </ClInclude>
    <ClInclude Include="..\..\dependencies-include\nxogre\include\NxOgreTimeStep.h">
      <Filter>Header Files</Filter>
    </ClInclude>
    <ClInclude Include="..\..\dependencies-include\nxogre\include\NxOgreTrigger.h">
      <Filter>Header Files</Filter>
    </ClInclude>
    <ClInclude Include="..\..\dependencies-include\nxogre\include\NxOgreTriggerCallback.h">
      <Filter>Header Files</Filter>
    </ClInclude>
    <ClInclude Include="..\..\dependencies-include\nxogre\include\NxOgreTriggerFunction.h">
      <Filter>Header Files</Filter>
    </ClInclude>
    <ClInclude Include="..\..\dependencies-include\nxogre\include\NxOgreUserAllocator.h">
      <Filter>Header Files</Filter>
    </ClInclude>
    <ClInclude Include="..\..\dependencies-include\nxogre\include\NxOgreVoidPointer.h">
      <Filter>Header Files</Filter>
    </ClInclude>
    <ClInclude Include="..\..\dependencies-include\nxogre\include\NxOgreVoxelRenderable.h">
      <Filter>Header Files</Filter>
    </ClInclude>
    <ClInclude Include="..\..\dependencies-include\nxogre\include\NxOgreWheelContactCallback.h">
      <Filter>Header Files</Filter>
    </ClInclude>
    <ClInclude Include="..\..\dependencies-include\nxogre\include\NxOgreWheelSet.h">
      <Filter>Header Files</Filter>
    </ClInclude>
    <ClInclude Include="..\..\dependencies-include\nxogre\include\NxOgreWhen.h">
      <Filter>Header Files</Filter>
    </ClInclude>
    <ClInclude Include="..\..\dependencies-include\nxogre\include\NxOgreWorld.h">
      <Filter>Header Files</Filter>
    </ClInclude>
  </ItemGroup>
  <ItemGroup>
    <ClCompile Include="..\..\dependencies-include\nxogre\src\BetajaenCC.cpp">
      <Filter>Source Files</Filter>
    </ClCompile>
    <ClCompile Include="..\..\dependencies-include\nxogre\src\NxOgreActor.cpp">
      <Filter>Source Files</Filter>
    </ClCompile>
    <ClCompile Include="..\..\dependencies-include\nxogre\src\NxOgreAllocator.cpp">
      <Filter>Source Files</Filter>
    </ClCompile>
    <ClCompile Include="..\..\dependencies-include\nxogre\src\NxOgreBody.cpp">
      <Filter>Source Files</Filter>
    </ClCompile>
    <ClCompile Include="..\..\dependencies-include\nxogre\src\NxOgreCharacter.cpp">
      <Filter>Source Files</Filter>
    </ClCompile>
    <ClCompile Include="..\..\dependencies-include\nxogre\src\NxOgreCharacterController.cpp">
      <Filter>Source Files</Filter>
    </ClCompile>
    <ClCompile Include="..\..\dependencies-include\nxogre\src\NxOgreCharacterModel.cpp">
      <Filter>Source Files</Filter>
    </ClCompile>
    <ClCompile Include="..\..\dependencies-include\nxogre\src\NxOgreCharacterMovementModel.cpp">
      <Filter>Source Files</Filter>
    </ClCompile>
    <ClCompile Include="..\..\dependencies-include\nxogre\src\NxOgreCloth.cpp">
      <Filter>Source Files</Filter>
    </ClCompile>
    <ClCompile Include="..\..\dependencies-include\nxogre\src\NxOgreClothRaycaster.cpp">
      <Filter>Source Files</Filter>
    </ClCompile>
    <ClCompile Include="..\..\dependencies-include\nxogre\src\NxOgreCompoundActor.cpp">
      <Filter>Source Files</Filter>
    </ClCompile>
    <ClCompile Include="..\..\dependencies-include\nxogre\src\NxOgreContactCallback.cpp">
      <Filter>Source Files</Filter>
    </ClCompile>
    <ClCompile Include="..\..\dependencies-include\nxogre\src\NxOgreContactCallbackController.cpp">
      <Filter>Source Files</Filter>
    </ClCompile>
    <ClCompile Include="..\..\dependencies-include\nxogre\src\NxOgreContactStream.cpp">
      <Filter>Source Files</Filter>
    </ClCompile>
    <ClCompile Include="..\..\dependencies-include\nxogre\src\NxOgreContainer.cpp">
      <Filter>Source Files</Filter>
    </ClCompile>
    <ClCompile Include="..\..\dependencies-include\nxogre\src\NxOgreDebugRenderer.cpp">
      <Filter>Source Files</Filter>
    </ClCompile>
    <ClCompile Include="..\..\dependencies-include\nxogre\src\NxOgreDeletionCallback.cpp">
      <Filter>Source Files</Filter>
    </ClCompile>
    <ClCompile Include="..\..\dependencies-include\nxogre\src\NxOgreDominanceGroup.cpp">
      <Filter>Source Files</Filter>
    </ClCompile>
    <ClCompile Include="..\..\dependencies-include\nxogre\src\NxOgreDualIdentifier.cpp">
      <Filter>Source Files</Filter>
    </ClCompile>
    <ClCompile Include="..\..\dependencies-include\nxogre\src\NxOgreEffectsSystem.cpp">
      <Filter>Source Files</Filter>
    </ClCompile>
    <ClCompile Include="..\..\dependencies-include\nxogre\src\NxOgreEngine.cpp">
      <Filter>Source Files</Filter>
    </ClCompile>
    <ClCompile Include="..\..\dependencies-include\nxogre\src\NxOgreError.cpp">
      <Filter>Source Files</Filter>
    </ClCompile>
    <ClCompile Include="..\..\dependencies-include\nxogre\src\NxOgreExtendedTypes.cpp">
      <Filter>Source Files</Filter>
    </ClCompile>
    <ClCompile Include="..\..\dependencies-include\nxogre\src\NxOgreFileResource.cpp">
      <Filter>Source Files</Filter>
    </ClCompile>
    <ClCompile Include="..\..\dependencies-include\nxogre\src\NxOgreFileResourceManager.cpp">
      <Filter>Source Files</Filter>
    </ClCompile>
    <ClCompile Include="..\..\dependencies-include\nxogre\src\NxOgreFluid.cpp">
      <Filter>Source Files</Filter>
    </ClCompile>
    <ClCompile Include="..\..\dependencies-include\nxogre\src\NxOgreForceField.cpp">
      <Filter>Source Files</Filter>
    </ClCompile>
    <ClCompile Include="..\..\dependencies-include\nxogre\src\NxOgreGroup.cpp">
      <Filter>Source Files</Filter>
    </ClCompile>
    <ClCompile Include="..\..\dependencies-include\nxogre\src\NxOgreHeightfield.cpp">
      <Filter>Source Files</Filter>
    </ClCompile>
    <ClCompile Include="..\..\dependencies-include\nxogre\src\NxOgreHelpers.cpp">
      <Filter>Source Files</Filter>
    </ClCompile>
    <ClCompile Include="..\..\dependencies-include\nxogre\src\NxOgreIntersection.cpp">
      <Filter>Source Files</Filter>
    </ClCompile>
    <ClCompile Include="..\..\dependencies-include\nxogre\src\NxOgreJoint.cpp">
      <Filter>Source Files</Filter>
    </ClCompile>
    <ClCompile Include="..\..\dependencies-include\nxogre\src\NxOgreJointCallback.cpp">
      <Filter>Source Files</Filter>
    </ClCompile>
    <ClCompile Include="..\..\dependencies-include\nxogre\src\NxOgreJointSet1.cpp">
      <Filter>Source Files</Filter>
    </ClCompile>
    <ClCompile Include="..\..\dependencies-include\nxogre\src\NxOgreJointSet2.cpp">
      <Filter>Source Files</Filter>
    </ClCompile>
    <ClCompile Include="..\..\dependencies-include\nxogre\src\NxOgreKinematicCharacter.cpp">
      <Filter>Source Files</Filter>
    </ClCompile>
    <ClCompile Include="..\..\dependencies-include\nxogre\src\NxOgreLog.cpp">
      <Filter>Source Files</Filter>
    </ClCompile>
    <ClCompile Include="..\..\dependencies-include\nxogre\src\NxOgreMachine.cpp">
      <Filter>Source Files</Filter>
    </ClCompile>
    <ClCompile Include="..\..\dependencies-include\nxogre\src\NxOgreManualHeightfield.cpp">
      <Filter>Source Files</Filter>
    </ClCompile>
    <ClCompile Include="..\..\dependencies-include\nxogre\src\NxOgreManualMesh.cpp">
      <Filter>Source Files</Filter>
    </ClCompile>
    <ClCompile Include="..\..\dependencies-include\nxogre\src\NxOgreManualMeshUtil.cpp">
      <Filter>Source Files</Filter>
    </ClCompile>
    <ClCompile Include="..\..\dependencies-include\nxogre\src\NxOgreMaterial.cpp">
      <Filter>Source Files</Filter>
    </ClCompile>
    <ClCompile Include="..\..\dependencies-include\nxogre\src\NxOgreMaterialAlias.cpp">
      <Filter>Source Files</Filter>
    </ClCompile>
    <ClCompile Include="..\..\dependencies-include\nxogre\src\NxOgreMemoryResource.cpp">
      <Filter>Source Files</Filter>
    </ClCompile>
    <ClCompile Include="..\..\dependencies-include\nxogre\src\NxOgreMemoryResourceManager.cpp">
      <Filter>Source Files</Filter>
    </ClCompile>
    <ClCompile Include="..\..\dependencies-include\nxogre\src\NxOgreMesh.cpp">
      <Filter>Source Files</Filter>
    </ClCompile>
    <ClCompile Include="..\..\dependencies-include\nxogre\src\NxOgreMeshParams.cpp">
      <Filter>Source Files</Filter>
    </ClCompile>
    <ClCompile Include="..\..\dependencies-include\nxogre\src\NxOgreMeshRenderable.cpp">
      <Filter>Source Files</Filter>
    </ClCompile>
    <ClCompile Include="..\..\dependencies-include\nxogre\src\NxOgreNodeRenderable.cpp">
      <Filter>Source Files</Filter>
    </ClCompile>
    <ClCompile Include="..\..\dependencies-include\nxogre\src\NxOgreNxActorController.cpp">
      <Filter>Source Files</Filter>
    </ClCompile>
    <ClCompile Include="..\..\dependencies-include\nxogre\src\NxOgreOgreMeshRenderable.cpp">
      <Filter>Source Files</Filter>
    </ClCompile>
    <ClCompile Include="..\..\dependencies-include\nxogre\src\NxOgreOgreNodeRenderable.cpp">
      <Filter>Source Files</Filter>
    </ClCompile>
    <ClCompile Include="..\..\dependencies-include\nxogre\src\NxOgreOgreSceneRenderer.cpp">
      <Filter>Source Files</Filter>
    </ClCompile>
    <ClCompile Include="..\..\dependencies-include\nxogre\src\NxOgreOgreTimeController.cpp">
      <Filter>Source Files</Filter>
    </ClCompile>
    <ClCompile Include="..\..\dependencies-include\nxogre\src\NxOgreParams.cpp">
      <Filter>Source Files</Filter>
    </ClCompile>
    <ClCompile Include="..\..\dependencies-include\nxogre\src\NxOgrePerformer.cpp">
      <Filter>Source Files</Filter>
    </ClCompile>
    <ClCompile Include="..\..\dependencies-include\nxogre\src\NxOgrePhysXDriver.cpp">
      <Filter>Source Files</Filter>
    </ClCompile>
    <ClCompile Include="..\..\dependencies-include\nxogre\src\NxOgrePose.cpp">
      <Filter>Source Files</Filter>
    </ClCompile>
    <ClCompile Include="..\..\dependencies-include\nxogre\src\NxOgreRaycaster.cpp">
      <Filter>Source Files</Filter>
    </ClCompile>
    <ClCompile Include="..\..\dependencies-include\nxogre\src\NxOgreRemoteDebuggerConnection.cpp">
      <Filter>Source Files</Filter>
    </ClCompile>
    <ClCompile Include="..\..\dependencies-include\nxogre\src\NxOgreRenderable.cpp">
      <Filter>Source Files</Filter>
    </ClCompile>
    <ClCompile Include="..\..\dependencies-include\nxogre\src\NxOgreRenderableSource.cpp">
      <Filter>Source Files</Filter>
    </ClCompile>
    <ClCompile Include="..\..\dependencies-include\nxogre\src\NxOgreResource.cpp">
      <Filter>Source Files</Filter>
    </ClCompile>
    <ClCompile Include="..\..\dependencies-include\nxogre\src\NxOgreResourceCallback.cpp">
      <Filter>Source Files</Filter>
    </ClCompile>
    <ClCompile Include="..\..\dependencies-include\nxogre\src\NxOgreResourceManager.cpp">
      <Filter>Source Files</Filter>
    </ClCompile>
    <ClCompile Include="..\..\dependencies-include\nxogre\src\NxOgreResourceSystem.cpp">
      <Filter>Source Files</Filter>
    </ClCompile>
    <ClCompile Include="..\..\dependencies-include\nxogre\src\NxOgreScene.cpp">
      <Filter>Source Files</Filter>
    </ClCompile>
    <ClCompile Include="..\..\dependencies-include\nxogre\src\NxOgreSceneContactController.cpp">
      <Filter>Source Files</Filter>
    </ClCompile>
    <ClCompile Include="..\..\dependencies-include\nxogre\src\NxOgreSceneController.cpp">
      <Filter>Source Files</Filter>
    </ClCompile>
    <ClCompile Include="..\..\dependencies-include\nxogre\src\NxOgreSceneRenderer.cpp">
      <Filter>Source Files</Filter>
    </ClCompile>
    <ClCompile Include="..\..\dependencies-include\nxogre\src\NxOgreSceneSource.cpp">
      <Filter>Source Files</Filter>
    </ClCompile>
    <ClCompile Include="..\..\dependencies-include\nxogre\src\NxOgreSceneTriggerController.cpp">
      <Filter>Source Files</Filter>
    </ClCompile>
    <ClCompile Include="..\..\dependencies-include\nxogre\src\NxOgreShape.cpp">
      <Filter>Source Files</Filter>
    </ClCompile>
    <ClCompile Include="..\..\dependencies-include\nxogre\src\NxOgreShapeMeshes.cpp">
      <Filter>Source Files</Filter>
    </ClCompile>
    <ClCompile Include="..\..\dependencies-include\nxogre\src\NxOgreShapePrimitives.cpp">
      <Filter>Source Files</Filter>
    </ClCompile>
    <ClCompile Include="..\..\dependencies-include\nxogre\src\NxOgreShapeTerrain.cpp">
      <Filter>Source Files</Filter>
    </ClCompile>
    <ClCompile Include="..\..\dependencies-include\nxogre\src\NxOgreShapeWheel.cpp">
      <Filter>Source Files</Filter>
    </ClCompile>
    <ClCompile Include="..\..\dependencies-include\nxogre\src\NxOgreSheet.cpp">
      <Filter>Source Files</Filter>
    </ClCompile>
    <ClCompile Include="..\..\dependencies-include\nxogre\src\NxOgreSimpleActor.cpp">
      <Filter>Source Files</Filter>
    </ClCompile>
    <ClCompile Include="..\..\dependencies-include\nxogre\src\NxOgreSimpleShape.cpp">
      <Filter>Source Files</Filter>
    </ClCompile>
    <ClCompile Include="..\..\dependencies-include\nxogre\src\NxOgreSkeleton.cpp">
      <Filter>Source Files</Filter>
    </ClCompile>
    <ClCompile Include="..\..\dependencies-include\nxogre\src\NxOgreSleepCallback.cpp">
      <Filter>Source Files</Filter>
    </ClCompile>
    <ClCompile Include="..\..\dependencies-include\nxogre\src\NxOgreSoftBody.cpp">
      <Filter>Source Files</Filter>
    </ClCompile>
    <ClCompile Include="..\..\dependencies-include\nxogre\src\NxOgreStable.cpp">
      <Filter>Source Files</Filter>
    </ClCompile>
    <ClCompile Include="..\..\dependencies-include\nxogre\src\NxOgreTesting.cpp">
      <Filter>Source Files</Filter>
    </ClCompile>
    <ClCompile Include="..\..\dependencies-include\nxogre\src\NxOgreThrow.cpp">
      <Filter>Source Files</Filter>
    </ClCompile>
    <ClCompile Include="..\..\dependencies-include\nxogre\src\NxOgreTimeController.cpp">
      <Filter>Source Files</Filter>
    </ClCompile>
    <ClCompile Include="..\..\dependencies-include\nxogre\src\NxOgreTimer.cpp">
      <Filter>Source Files</Filter>
    </ClCompile>
    <ClCompile Include="..\..\dependencies-include\nxogre\src\NxOgreTrigger.cpp">
      <Filter>Source Files</Filter>
    </ClCompile>
    <ClCompile Include="..\..\dependencies-include\nxogre\src\NxOgreTriggerCallback.cpp">
      <Filter>Source Files</Filter>
    </ClCompile>
    <ClCompile Include="..\..\dependencies-include\nxogre\src\NxOgreUserAllocator.cpp">
      <Filter>Source Files</Filter>
    </ClCompile>
    <ClCompile Include="..\..\dependencies-include\nxogre\src\NxOgreWheelSet.cpp">
      <Filter>Source Files</Filter>
    </ClCompile>
    <ClCompile Include="..\..\dependencies-include\nxogre\src\NxOgreWorld.cpp">
      <Filter>Source Files</Filter>
    </ClCompile>
  </ItemGroup>
</Project>